{
  "originHash" : "460ed257c4cd01e71f3cf0e6e151fa8fc7cbc1b3719f82c6af9e5b8319062df4",
  "pins" : [
    {
      "identity" : "otpify",
      "kind" : "remoteSourceControl",
      "location" : "https://github.com/mehmetfarhan/Otpify",
      "state" : {
        "revision" : "e5eb75ffe04cef4560d17302a3cea0a751495838",
        "version" : "1.0.0"
      }
    }
  ],
  "version" : 3
}
