{
  "originHash" : "66d50f213955ef71cb490f9ef316fe275c514929cfc7bc4b87f663bb97c29dce",
  "pins" : [
    {
      "identity" : "otpify",
      "kind" : "remoteSourceControl",
      "location" : "https://github.com/mehmetfarhan/Otpify",
      "state" : {
        "revision" : "e9256a9b8be6341e70516c307f186834706e82cb",
        "version" : "1.0.1"
      }
    }
  ],
  "version" : 3
}
