// !$*UTF8*$!
{
	archiveVersion = 1;
	classes = {
	};
	objectVersion = 56;
	objects = {

/* Begin PBXBuildFile section */
		8446BE292C7FCA7400E91A86 /* FormSetting.swift in Sources */ = {isa = PBXBuildFile; fileRef = 8446BE282C7FCA7400E91A86 /* FormSetting.swift */; };
		8446BE2C2C7FD30600E91A86 /* SelectionView.swift in Sources */ = {isa = PBXBuildFile; fileRef = 8446BE2B2C7FD30600E91A86 /* SelectionView.swift */; };
		8446BE2F2C7FD53300E91A86 /* SelectionViewModel.swift in Sources */ = {isa = PBXBuildFile; fileRef = 8446BE2E2C7FD53300E91A86 /* SelectionViewModel.swift */; };
		8446BE312C7FD72200E91A86 /* FormPickerView.swift in Sources */ = {isa = PBXBuildFile; fileRef = 8446BE302C7FD72200E91A86 /* FormPickerView.swift */; };
		8446BE332C7FD80F00E91A86 /* FormPickerViewModel.swift in Sources */ = {isa = PBXBuildFile; fileRef = 8446BE322C7FD80F00E91A86 /* FormPickerViewModel.swift */; };
		8446BE362C7FE55F00E91A86 /* MaritalStatus.swift in Sources */ = {isa = PBXBuildFile; fileRef = 8446BE352C7FE55F00E91A86 /* MaritalStatus.swift */; };
		847FC32E2C80A07A0066FC9F /* VerticalListView.swift in Sources */ = {isa = PBXBuildFile; fileRef = 847FC32D2C80A07A0066FC9F /* VerticalListView.swift */; };
		847FC3352C80A4240066FC9F /* Regex.swift in Sources */ = {isa = PBXBuildFile; fileRef = 847FC3342C80A4240066FC9F /* Regex.swift */; };
		847FC3372C80A4430066FC9F /* ValidationRule.swift in Sources */ = {isa = PBXBuildFile; fileRef = 847FC3362C80A4430066FC9F /* ValidationRule.swift */; };
		847FC33A2C8229FC0066FC9F /* ButtonView.swift in Sources */ = {isa = PBXBuildFile; fileRef = 847FC3392C8229FC0066FC9F /* ButtonView.swift */; };
		847FC33F2C823D0B0066FC9F /* FormDatePickerViewModel.swift in Sources */ = {isa = PBXBuildFile; fileRef = 847FC33E2C823D0B0066FC9F /* FormDatePickerViewModel.swift */; };
		847FC3432C8242B50066FC9F /* FormDatePickerView.swift in Sources */ = {isa = PBXBuildFile; fileRef = 847FC3422C8242B50066FC9F /* FormDatePickerView.swift */; };
		84D8E00F2C83B91900C8F4F7 /* IQKeyboardManagerSwift in Frameworks */ = {isa = PBXBuildFile; productRef = 84D8E00E2C83B91900C8F4F7 /* IQKeyboardManagerSwift */; };
		84E29D4C2C78F8FB0003B3C1 /* SwiftUIComponentsApp.swift in Sources */ = {isa = PBXBuildFile; fileRef = 84E29D4B2C78F8FB0003B3C1 /* SwiftUIComponentsApp.swift */; };
		84E29D4E2C78F8FB0003B3C1 /* ContentView.swift in Sources */ = {isa = PBXBuildFile; fileRef = 84E29D4D2C78F8FB0003B3C1 /* ContentView.swift */; };
		84E29D502C78F8FC0003B3C1 /* Assets.xcassets in Resources */ = {isa = PBXBuildFile; fileRef = 84E29D4F2C78F8FC0003B3C1 /* Assets.xcassets */; };
		84E29D532C78F8FC0003B3C1 /* Preview Assets.xcassets in Resources */ = {isa = PBXBuildFile; fileRef = 84E29D522C78F8FC0003B3C1 /* Preview Assets.xcassets */; };
		84E29D5B2C7902D10003B3C1 /* FormFieldViewModel.swift in Sources */ = {isa = PBXBuildFile; fileRef = 84E29D592C7902D10003B3C1 /* FormFieldViewModel.swift */; };
		84E29D5C2C7902D10003B3C1 /* FormFieldView.swift in Sources */ = {isa = PBXBuildFile; fileRef = 84E29D5A2C7902D10003B3C1 /* FormFieldView.swift */; };
/* End PBXBuildFile section */

/* Begin PBXFileReference section */
		8446BE282C7FCA7400E91A86 /* FormSetting.swift */ = {isa = PBXFileReference; lastKnownFileType = sourcecode.swift; path = FormSetting.swift; sourceTree = "<group>"; };
		8446BE2B2C7FD30600E91A86 /* SelectionView.swift */ = {isa = PBXFileReference; lastKnownFileType = sourcecode.swift; path = SelectionView.swift; sourceTree = "<group>"; };
		8446BE2E2C7FD53300E91A86 /* SelectionViewModel.swift */ = {isa = PBXFileReference; lastKnownFileType = sourcecode.swift; path = SelectionViewModel.swift; sourceTree = "<group>"; };
		8446BE302C7FD72200E91A86 /* FormPickerView.swift */ = {isa = PBXFileReference; lastKnownFileType = sourcecode.swift; path = FormPickerView.swift; sourceTree = "<group>"; };
		8446BE322C7FD80F00E91A86 /* FormPickerViewModel.swift */ = {isa = PBXFileReference; lastKnownFileType = sourcecode.swift; path = FormPickerViewModel.swift; sourceTree = "<group>"; };
		8446BE352C7FE55F00E91A86 /* MaritalStatus.swift */ = {isa = PBXFileReference; lastKnownFileType = sourcecode.swift; path = MaritalStatus.swift; sourceTree = "<group>"; };
		847FC32D2C80A07A0066FC9F /* VerticalListView.swift */ = {isa = PBXFileReference; lastKnownFileType = sourcecode.swift; path = VerticalListView.swift; sourceTree = "<group>"; };
		847FC3342C80A4240066FC9F /* Regex.swift */ = {isa = PBXFileReference; lastKnownFileType = sourcecode.swift; path = Regex.swift; sourceTree = "<group>"; };
		847FC3362C80A4430066FC9F /* ValidationRule.swift */ = {isa = PBXFileReference; lastKnownFileType = sourcecode.swift; path = ValidationRule.swift; sourceTree = "<group>"; };
		847FC3392C8229FC0066FC9F /* ButtonView.swift */ = {isa = PBXFileReference; lastKnownFileType = sourcecode.swift; path = ButtonView.swift; sourceTree = "<group>"; };
		847FC33E2C823D0B0066FC9F /* FormDatePickerViewModel.swift */ = {isa = PBXFileReference; lastKnownFileType = sourcecode.swift; path = FormDatePickerViewModel.swift; sourceTree = "<group>"; };
		847FC3422C8242B50066FC9F /* FormDatePickerView.swift */ = {isa = PBXFileReference; lastKnownFileType = sourcecode.swift; path = FormDatePickerView.swift; sourceTree = "<group>"; };
		84E29D482C78F8FB0003B3C1 /* SwiftUIComponents.app */ = {isa = PBXFileReference; explicitFileType = wrapper.application; includeInIndex = 0; path = SwiftUIComponents.app; sourceTree = BUILT_PRODUCTS_DIR; };
		84E29D4B2C78F8FB0003B3C1 /* SwiftUIComponentsApp.swift */ = {isa = PBXFileReference; lastKnownFileType = sourcecode.swift; path = SwiftUIComponentsApp.swift; sourceTree = "<group>"; };
		84E29D4D2C78F8FB0003B3C1 /* ContentView.swift */ = {isa = PBXFileReference; lastKnownFileType = sourcecode.swift; path = ContentView.swift; sourceTree = "<group>"; };
		84E29D4F2C78F8FC0003B3C1 /* Assets.xcassets */ = {isa = PBXFileReference; lastKnownFileType = folder.assetcatalog; path = Assets.xcassets; sourceTree = "<group>"; };
		84E29D522C78F8FC0003B3C1 /* Preview Assets.xcassets */ = {isa = PBXFileReference; lastKnownFileType = folder.assetcatalog; path = "Preview Assets.xcassets"; sourceTree = "<group>"; };
		84E29D592C7902D10003B3C1 /* FormFieldViewModel.swift */ = {isa = PBXFileReference; fileEncoding = 4; lastKnownFileType = sourcecode.swift; path = FormFieldViewModel.swift; sourceTree = "<group>"; };
		84E29D5A2C7902D10003B3C1 /* FormFieldView.swift */ = {isa = PBXFileReference; fileEncoding = 4; lastKnownFileType = sourcecode.swift; path = FormFieldView.swift; sourceTree = "<group>"; };
/* End PBXFileReference section */

/* Begin PBXFrameworksBuildPhase section */
		84E29D452C78F8FB0003B3C1 /* Frameworks */ = {
			isa = PBXFrameworksBuildPhase;
			buildActionMask = 2147483647;
			files = (
				84D8E00F2C83B91900C8F4F7 /* IQKeyboardManagerSwift in Frameworks */,
			);
			runOnlyForDeploymentPostprocessing = 0;
		};
/* End PBXFrameworksBuildPhase section */

/* Begin PBXGroup section */
		8446BE232C7FCA2500E91A86 /* Components */ = {
			isa = PBXGroup;
			children = (
				847FC33B2C823CEF0066FC9F /* FormDatePicker */,
				847FC3382C8229EF0066FC9F /* ButtonView */,
				847FC32C2C80A06B0066FC9F /* GenericScrollView */,
				8446BE342C7FE54F00E91A86 /* Mockups */,
				8446BE2D2C7FD50500E91A86 /* SelectionView */,
				8446BE2A2C7FD2F800E91A86 /* FormPicker */,
				8446BE272C7FCA6500E91A86 /* Settings */,
				8446BE242C7FCA2D00E91A86 /* FormField */,
			);
			path = Components;
			sourceTree = "<group>";
		};
		8446BE242C7FCA2D00E91A86 /* FormField */ = {
			isa = PBXGroup;
			children = (
				84E29D5A2C7902D10003B3C1 /* FormFieldView.swift */,
				84E29D592C7902D10003B3C1 /* FormFieldViewModel.swift */,
			);
			path = FormField;
			sourceTree = "<group>";
		};
		8446BE272C7FCA6500E91A86 /* Settings */ = {
			isa = PBXGroup;
			children = (
				8446BE282C7FCA7400E91A86 /* FormSetting.swift */,
				847FC3342C80A4240066FC9F /* Regex.swift */,
				847FC3362C80A4430066FC9F /* ValidationRule.swift */,
			);
			path = Settings;
			sourceTree = "<group>";
		};
		8446BE2A2C7FD2F800E91A86 /* FormPicker */ = {
			isa = PBXGroup;
			children = (
				8446BE302C7FD72200E91A86 /* FormPickerView.swift */,
				8446BE322C7FD80F00E91A86 /* FormPickerViewModel.swift */,
			);
			path = FormPicker;
			sourceTree = "<group>";
		};
		8446BE2D2C7FD50500E91A86 /* SelectionView */ = {
			isa = PBXGroup;
			children = (
				8446BE2B2C7FD30600E91A86 /* SelectionView.swift */,
				8446BE2E2C7FD53300E91A86 /* SelectionViewModel.swift */,
			);
			path = SelectionView;
			sourceTree = "<group>";
		};
		8446BE342C7FE54F00E91A86 /* Mockups */ = {
			isa = PBXGroup;
			children = (
				8446BE352C7FE55F00E91A86 /* MaritalStatus.swift */,
			);
			path = Mockups;
			sourceTree = "<group>";
		};
		847FC32C2C80A06B0066FC9F /* GenericScrollView */ = {
			isa = PBXGroup;
			children = (
				847FC32D2C80A07A0066FC9F /* VerticalListView.swift */,
			);
			path = GenericScrollView;
			sourceTree = "<group>";
		};
		847FC3382C8229EF0066FC9F /* ButtonView */ = {
			isa = PBXGroup;
			children = (
				847FC3392C8229FC0066FC9F /* ButtonView.swift */,
			);
			path = ButtonView;
			sourceTree = "<group>";
		};
		847FC33B2C823CEF0066FC9F /* FormDatePicker */ = {
			isa = PBXGroup;
			children = (
				847FC33E2C823D0B0066FC9F /* FormDatePickerViewModel.swift */,
				847FC3422C8242B50066FC9F /* FormDatePickerView.swift */,
			);
			path = FormDatePicker;
			sourceTree = "<group>";
		};
		84E29D3F2C78F8FB0003B3C1 = {
			isa = PBXGroup;
			children = (
				84E29D4A2C78F8FB0003B3C1 /* SwiftUIComponents */,
				84E29D492C78F8FB0003B3C1 /* Products */,
			);
			sourceTree = "<group>";
		};
		84E29D492C78F8FB0003B3C1 /* Products */ = {
			isa = PBXGroup;
			children = (
				84E29D482C78F8FB0003B3C1 /* SwiftUIComponents.app */,
			);
			name = Products;
			sourceTree = "<group>";
		};
		84E29D4A2C78F8FB0003B3C1 /* SwiftUIComponents */ = {
			isa = PBXGroup;
			children = (
				8446BE232C7FCA2500E91A86 /* Components */,
				84E29D4B2C78F8FB0003B3C1 /* SwiftUIComponentsApp.swift */,
				84E29D4D2C78F8FB0003B3C1 /* ContentView.swift */,
				84E29D4F2C78F8FC0003B3C1 /* Assets.xcassets */,
				84E29D512C78F8FC0003B3C1 /* Preview Content */,
			);
			path = SwiftUIComponents;
			sourceTree = "<group>";
		};
		84E29D512C78F8FC0003B3C1 /* Preview Content */ = {
			isa = PBXGroup;
			children = (
				84E29D522C78F8FC0003B3C1 /* Preview Assets.xcassets */,
			);
			path = "Preview Content";
			sourceTree = "<group>";
		};
/* End PBXGroup section */

/* Begin PBXNativeTarget section */
		84E29D472C78F8FB0003B3C1 /* SwiftUIComponents */ = {
			isa = PBXNativeTarget;
			buildConfigurationList = 84E29D562C78F8FC0003B3C1 /* Build configuration list for PBXNativeTarget "SwiftUIComponents" */;
			buildPhases = (
				84E29D442C78F8FB0003B3C1 /* Sources */,
				84E29D452C78F8FB0003B3C1 /* Frameworks */,
				84E29D462C78F8FB0003B3C1 /* Resources */,
			);
			buildRules = (
			);
			dependencies = (
			);
			name = SwiftUIComponents;
			packageProductDependencies = (
				84D8E00E2C83B91900C8F4F7 /* IQKeyboardManagerSwift */,
			);
			productName = SwiftUIComponents;
			productReference = 84E29D482C78F8FB0003B3C1 /* SwiftUIComponents.app */;
			productType = "com.apple.product-type.application";
		};
/* End PBXNativeTarget section */

/* Begin PBXProject section */
		84E29D402C78F8FB0003B3C1 /* Project object */ = {
			isa = PBXProject;
			attributes = {
				BuildIndependentTargetsInParallel = 1;
				LastSwiftUpdateCheck = 1540;
				LastUpgradeCheck = 1540;
				TargetAttributes = {
					84E29D472C78F8FB0003B3C1 = {
						CreatedOnToolsVersion = 15.4;
					};
				};
			};
			buildConfigurationList = 84E29D432C78F8FB0003B3C1 /* Build configuration list for PBXProject "SwiftUIComponents" */;
			compatibilityVersion = "Xcode 14.0";
			developmentRegion = en;
			hasScannedForEncodings = 0;
			knownRegions = (
				en,
				Base,
			);
			mainGroup = 84E29D3F2C78F8FB0003B3C1;
			packageReferences = (
				84D8E00D2C83B91900C8F4F7 /* XCRemoteSwiftPackageReference "IQKeyboardManager" */,
			);
			productRefGroup = 84E29D492C78F8FB0003B3C1 /* Products */;
			projectDirPath = "";
			projectRoot = "";
			targets = (
				84E29D472C78F8FB0003B3C1 /* SwiftUIComponents */,
			);
		};
/* End PBXProject section */

/* Begin PBXResourcesBuildPhase section */
		84E29D462C78F8FB0003B3C1 /* Resources */ = {
			isa = PBXResourcesBuildPhase;
			buildActionMask = 2147483647;
			files = (
				84E29D532C78F8FC0003B3C1 /* Preview Assets.xcassets in Resources */,
				84E29D502C78F8FC0003B3C1 /* Assets.xcassets in Resources */,
			);
			runOnlyForDeploymentPostprocessing = 0;
		};
/* End PBXResourcesBuildPhase section */

/* Begin PBXSourcesBuildPhase section */
		84E29D442C78F8FB0003B3C1 /* Sources */ = {
			isa = PBXSourcesBuildPhase;
			buildActionMask = 2147483647;
			files = (
				847FC32E2C80A07A0066FC9F /* VerticalListView.swift in Sources */,
				847FC3432C8242B50066FC9F /* FormDatePickerView.swift in Sources */,
				84E29D5B2C7902D10003B3C1 /* FormFieldViewModel.swift in Sources */,
				847FC3352C80A4240066FC9F /* Regex.swift in Sources */,
				847FC33F2C823D0B0066FC9F /* FormDatePickerViewModel.swift in Sources */,
				8446BE2C2C7FD30600E91A86 /* SelectionView.swift in Sources */,
				8446BE292C7FCA7400E91A86 /* FormSetting.swift in Sources */,
				84E29D4E2C78F8FB0003B3C1 /* ContentView.swift in Sources */,
				847FC33A2C8229FC0066FC9F /* ButtonView.swift in Sources */,
				8446BE362C7FE55F00E91A86 /* MaritalStatus.swift in Sources */,
				84E29D5C2C7902D10003B3C1 /* FormFieldView.swift in Sources */,
				8446BE312C7FD72200E91A86 /* FormPickerView.swift in Sources */,
				8446BE332C7FD80F00E91A86 /* FormPickerViewModel.swift in Sources */,
				847FC3372C80A4430066FC9F /* ValidationRule.swift in Sources */,
				84E29D4C2C78F8FB0003B3C1 /* SwiftUIComponentsApp.swift in Sources */,
				8446BE2F2C7FD53300E91A86 /* SelectionViewModel.swift in Sources */,
			);
			runOnlyForDeploymentPostprocessing = 0;
		};
/* End PBXSourcesBuildPhase section */

/* Begin XCBuildConfiguration section */
		84E29D542C78F8FC0003B3C1 /* Debug */ = {
			isa = XCBuildConfiguration;
			buildSettings = {
				ALWAYS_SEARCH_USER_PATHS = NO;
				ASSETCATALOG_COMPILER_GENERATE_SWIFT_ASSET_SYMBOL_EXTENSIONS = YES;
				CLANG_ANALYZER_NONNULL = YES;
				CLANG_ANALYZER_NUMBER_OBJECT_CONVERSION = YES_AGGRESSIVE;
				CLANG_CXX_LANGUAGE_STANDARD = "gnu++20";
				CLANG_ENABLE_MODULES = YES;
				CLANG_ENABLE_OBJC_ARC = YES;
				CLANG_ENABLE_OBJC_WEAK = YES;
				CLANG_WARN_BLOCK_CAPTURE_AUTORELEASING = YES;
				CLANG_WARN_BOOL_CONVERSION = YES;
				CLANG_WARN_COMMA = YES;
				CLANG_WARN_CONSTANT_CONVERSION = YES;
				CLANG_WARN_DEPRECATED_OBJC_IMPLEMENTATIONS = YES;
				CLANG_WARN_DIRECT_OBJC_ISA_USAGE = YES_ERROR;
				CLANG_WARN_DOCUMENTATION_COMMENTS = YES;
				CLANG_WARN_EMPTY_BODY = YES;
				CLANG_WARN_ENUM_CONVERSION = YES;
				CLANG_WARN_INFINITE_RECURSION = YES;
				CLANG_WARN_INT_CONVERSION = YES;
				CLANG_WARN_NON_LITERAL_NULL_CONVERSION = YES;
				CLANG_WARN_OBJC_IMPLICIT_RETAIN_SELF = YES;
				CLANG_WARN_OBJC_LITERAL_CONVERSION = YES;
				CLANG_WARN_OBJC_ROOT_CLASS = YES_ERROR;
				CLANG_WARN_QUOTED_INCLUDE_IN_FRAMEWORK_HEADER = YES;
				CLANG_WARN_RANGE_LOOP_ANALYSIS = YES;
				CLANG_WARN_STRICT_PROTOTYPES = YES;
				CLANG_WARN_SUSPICIOUS_MOVE = YES;
				CLANG_WARN_UNGUARDED_AVAILABILITY = YES_AGGRESSIVE;
				CLANG_WARN_UNREACHABLE_CODE = YES;
				CLANG_WARN__DUPLICATE_METHOD_MATCH = YES;
				COPY_PHASE_STRIP = NO;
				DEBUG_INFORMATION_FORMAT = dwarf;
				ENABLE_STRICT_OBJC_MSGSEND = YES;
				ENABLE_TESTABILITY = YES;
				ENABLE_USER_SCRIPT_SANDBOXING = YES;
				GCC_C_LANGUAGE_STANDARD = gnu17;
				GCC_DYNAMIC_NO_PIC = NO;
				GCC_NO_COMMON_BLOCKS = YES;
				GCC_OPTIMIZATION_LEVEL = 0;
				GCC_PREPROCESSOR_DEFINITIONS = (
					"DEBUG=1",
					"$(inherited)",
				);
				GCC_WARN_64_TO_32_BIT_CONVERSION = YES;
				GCC_WARN_ABOUT_RETURN_TYPE = YES_ERROR;
				GCC_WARN_UNDECLARED_SELECTOR = YES;
				GCC_WARN_UNINITIALIZED_AUTOS = YES_AGGRESSIVE;
				GCC_WARN_UNUSED_FUNCTION = YES;
				GCC_WARN_UNUSED_VARIABLE = YES;
				IPHONEOS_DEPLOYMENT_TARGET = 17.5;
				LOCALIZATION_PREFERS_STRING_CATALOGS = YES;
				MTL_ENABLE_DEBUG_INFO = INCLUDE_SOURCE;
				MTL_FAST_MATH = YES;
				ONLY_ACTIVE_ARCH = YES;
				SDKROOT = iphoneos;
				SWIFT_ACTIVE_COMPILATION_CONDITIONS = "DEBUG $(inherited)";
				SWIFT_OPTIMIZATION_LEVEL = "-Onone";
			};
			name = Debug;
		};
		84E29D552C78F8FC0003B3C1 /* Release */ = {
			isa = XCBuildConfiguration;
			buildSettings = {
				ALWAYS_SEARCH_USER_PATHS = NO;
				ASSETCATALOG_COMPILER_GENERATE_SWIFT_ASSET_SYMBOL_EXTENSIONS = YES;
				CLANG_ANALYZER_NONNULL = YES;
				CLANG_ANALYZER_NUMBER_OBJECT_CONVERSION = YES_AGGRESSIVE;
				CLANG_CXX_LANGUAGE_STANDARD = "gnu++20";
				CLANG_ENABLE_MODULES = YES;
				CLANG_ENABLE_OBJC_ARC = YES;
				CLANG_ENABLE_OBJC_WEAK = YES;
				CLANG_WARN_BLOCK_CAPTURE_AUTORELEASING = YES;
				CLANG_WARN_BOOL_CONVERSION = YES;
				CLANG_WARN_COMMA = YES;
				CLANG_WARN_CONSTANT_CONVERSION = YES;
				CLANG_WARN_DEPRECATED_OBJC_IMPLEMENTATIONS = YES;
				CLANG_WARN_DIRECT_OBJC_ISA_USAGE = YES_ERROR;
				CLANG_WARN_DOCUMENTATION_COMMENTS = YES;
				CLANG_WARN_EMPTY_BODY = YES;
				CLANG_WARN_ENUM_CONVERSION = YES;
				CLANG_WARN_INFINITE_RECURSION = YES;
				CLANG_WARN_INT_CONVERSION = YES;
				CLANG_WARN_NON_LITERAL_NULL_CONVERSION = YES;
				CLANG_WARN_OBJC_IMPLICIT_RETAIN_SELF = YES;
				CLANG_WARN_OBJC_LITERAL_CONVERSION = YES;
				CLANG_WARN_OBJC_ROOT_CLASS = YES_ERROR;
				CLANG_WARN_QUOTED_INCLUDE_IN_FRAMEWORK_HEADER = YES;
				CLANG_WARN_RANGE_LOOP_ANALYSIS = YES;
				CLANG_WARN_STRICT_PROTOTYPES = YES;
				CLANG_WARN_SUSPICIOUS_MOVE = YES;
				CLANG_WARN_UNGUARDED_AVAILABILITY = YES_AGGRESSIVE;
				CLANG_WARN_UNREACHABLE_CODE = YES;
				CLANG_WARN__DUPLICATE_METHOD_MATCH = YES;
				COPY_PHASE_STRIP = NO;
				DEBUG_INFORMATION_FORMAT = "dwarf-with-dsym";
				ENABLE_NS_ASSERTIONS = NO;
				ENABLE_STRICT_OBJC_MSGSEND = YES;
				ENABLE_USER_SCRIPT_SANDBOXING = YES;
				GCC_C_LANGUAGE_STANDARD = gnu17;
				GCC_NO_COMMON_BLOCKS = YES;
				GCC_WARN_64_TO_32_BIT_CONVERSION = YES;
				GCC_WARN_ABOUT_RETURN_TYPE = YES_ERROR;
				GCC_WARN_UNDECLARED_SELECTOR = YES;
				GCC_WARN_UNINITIALIZED_AUTOS = YES_AGGRESSIVE;
				GCC_WARN_UNUSED_FUNCTION = YES;
				GCC_WARN_UNUSED_VARIABLE = YES;
				IPHONEOS_DEPLOYMENT_TARGET = 17.5;
				LOCALIZATION_PREFERS_STRING_CATALOGS = YES;
				MTL_ENABLE_DEBUG_INFO = NO;
				MTL_FAST_MATH = YES;
				SDKROOT = iphoneos;
				SWIFT_COMPILATION_MODE = wholemodule;
				VALIDATE_PRODUCT = YES;
			};
			name = Release;
		};
		84E29D572C78F8FC0003B3C1 /* Debug */ = {
			isa = XCBuildConfiguration;
			buildSettings = {
				ASSETCATALOG_COMPILER_APPICON_NAME = AppIcon;
				ASSETCATALOG_COMPILER_GLOBAL_ACCENT_COLOR_NAME = AccentColor;
				CODE_SIGN_STYLE = Automatic;
				CURRENT_PROJECT_VERSION = 1;
				DEVELOPMENT_ASSET_PATHS = "\"SwiftUIComponents/Preview Content\"";
				DEVELOPMENT_TEAM = 5XS6U3NN42;
				ENABLE_PREVIEWS = YES;
				GENERATE_INFOPLIST_FILE = YES;
				INFOPLIST_KEY_UIApplicationSceneManifest_Generation = YES;
				INFOPLIST_KEY_UIApplicationSupportsIndirectInputEvents = YES;
				INFOPLIST_KEY_UILaunchScreen_Generation = YES;
				INFOPLIST_KEY_UISupportedInterfaceOrientations_iPad = "UIInterfaceOrientationPortrait UIInterfaceOrientationPortraitUpsideDown UIInterfaceOrientationLandscapeLeft UIInterfaceOrientationLandscapeRight";
				INFOPLIST_KEY_UISupportedInterfaceOrientations_iPhone = "UIInterfaceOrientationPortrait UIInterfaceOrientationLandscapeLeft UIInterfaceOrientationLandscapeRight";
				LD_RUNPATH_SEARCH_PATHS = (
					"$(inherited)",
					"@executable_path/Frameworks",
				);
				MARKETING_VERSION = 1.0;
				PRODUCT_BUNDLE_IDENTIFIER = com.laith.SwiftUIComponents;
				PRODUCT_NAME = "$(TARGET_NAME)";
				SWIFT_EMIT_LOC_STRINGS = YES;
				SWIFT_VERSION = 5.0;
				TARGETED_DEVICE_FAMILY = "1,2";
			};
			name = Debug;
		};
		84E29D582C78F8FC0003B3C1 /* Release */ = {
			isa = XCBuildConfiguration;
			buildSettings = {
				ASSETCATALOG_COMPILER_APPICON_NAME = AppIcon;
				ASSETCATALOG_COMPILER_GLOBAL_ACCENT_COLOR_NAME = AccentColor;
				CODE_SIGN_STYLE = Automatic;
				CURRENT_PROJECT_VERSION = 1;
				DEVELOPMENT_ASSET_PATHS = "\"SwiftUIComponents/Preview Content\"";
				DEVELOPMENT_TEAM = 5XS6U3NN42;
				ENABLE_PREVIEWS = YES;
				GENERATE_INFOPLIST_FILE = YES;
				INFOPLIST_KEY_UIApplicationSceneManifest_Generation = YES;
				INFOPLIST_KEY_UIApplicationSupportsIndirectInputEvents = YES;
				INFOPLIST_KEY_UILaunchScreen_Generation = YES;
				INFOPLIST_KEY_UISupportedInterfaceOrientations_iPad = "UIInterfaceOrientationPortrait UIInterfaceOrientationPortraitUpsideDown UIInterfaceOrientationLandscapeLeft UIInterfaceOrientationLandscapeRight";
				INFOPLIST_KEY_UISupportedInterfaceOrientations_iPhone = "UIInterfaceOrientationPortrait UIInterfaceOrientationLandscapeLeft UIInterfaceOrientationLandscapeRight";
				LD_RUNPATH_SEARCH_PATHS = (
					"$(inherited)",
					"@executable_path/Frameworks",
				);
				MARKETING_VERSION = 1.0;
				PRODUCT_BUNDLE_IDENTIFIER = com.laith.SwiftUIComponents;
				PRODUCT_NAME = "$(TARGET_NAME)";
				SWIFT_EMIT_LOC_STRINGS = YES;
				SWIFT_VERSION = 5.0;
				TARGETED_DEVICE_FAMILY = "1,2";
			};
			name = Release;
		};
/* End XCBuildConfiguration section */

/* Begin XCConfigurationList section */
		84E29D432C78F8FB0003B3C1 /* Build configuration list for PBXProject "SwiftUIComponents" */ = {
			isa = XCConfigurationList;
			buildConfigurations = (
				84E29D542C78F8FC0003B3C1 /* Debug */,
				84E29D552C78F8FC0003B3C1 /* Release */,
			);
			defaultConfigurationIsVisible = 0;
			defaultConfigurationName = Release;
		};
		84E29D562C78F8FC0003B3C1 /* Build configuration list for PBXNativeTarget "SwiftUIComponents" */ = {
			isa = XCConfigurationList;
			buildConfigurations = (
				84E29D572C78F8FC0003B3C1 /* Debug */,
				84E29D582C78F8FC0003B3C1 /* Release */,
			);
			defaultConfigurationIsVisible = 0;
			defaultConfigurationName = Release;
		};
/* End XCConfigurationList section */

/* Begin XCRemoteSwiftPackageReference section */
		84D8E00D2C83B91900C8F4F7 /* XCRemoteSwiftPackageReference "IQKeyboardManager" */ = {
			isa = XCRemoteSwiftPackageReference;
			repositoryURL = "https://github.com/hackiftekhar/IQKeyboardManager";
			requirement = {
				kind = upToNextMajorVersion;
				minimumVersion = 7.1.1;
			};
		};
/* End XCRemoteSwiftPackageReference section */

/* Begin XCSwiftPackageProductDependency section */
		84D8E00E2C83B91900C8F4F7 /* IQKeyboardManagerSwift */ = {
			isa = XCSwiftPackageProductDependency;
			package = 84D8E00D2C83B91900C8F4F7 /* XCRemoteSwiftPackageReference "IQKeyboardManager" */;
			productName = IQKeyboardManagerSwift;
		};
/* End XCSwiftPackageProductDependency section */
	};
	rootObject = 84E29D402C78F8FB0003B3C1 /* Project object */;
}
